// !$*UTF8*$!
{
	archiveVersion = 1;
	classes = {
	};
	objectVersion = 56;
	objects = {

/* Begin PBXBuildFile section */
		001682B42C6339E2007444CD /* skate_mateApp.swift in Sources */ = {isa = PBXBuildFile; fileRef = 001682B32C6339E2007444CD /* skate_mateApp.swift */; };
		001682B62C6339E2007444CD /* ContentView.swift in Sources */ = {isa = PBXBuildFile; fileRef = 001682B52C6339E2007444CD /* ContentView.swift */; };
		001682B82C6339E3007444CD /* Assets.xcassets in Resources */ = {isa = PBXBuildFile; fileRef = 001682B72C6339E3007444CD /* Assets.xcassets */; };
		001682BB2C6339E3007444CD /* Preview Assets.xcassets in Resources */ = {isa = PBXBuildFile; fileRef = 001682BA2C6339E3007444CD /* Preview Assets.xcassets */; };
		001682C52C6339E3007444CD /* skate_mateTests.swift in Sources */ = {isa = PBXBuildFile; fileRef = 001682C42C6339E3007444CD /* skate_mateTests.swift */; };
		001682CF2C6339E3007444CD /* skate_mateUITests.swift in Sources */ = {isa = PBXBuildFile; fileRef = 001682CE2C6339E3007444CD /* skate_mateUITests.swift */; };
		001682D12C6339E3007444CD /* skate_mateUITestsLaunchTests.swift in Sources */ = {isa = PBXBuildFile; fileRef = 001682D02C6339E3007444CD /* skate_mateUITestsLaunchTests.swift */; };
/* End PBXBuildFile section */

/* Begin PBXContainerItemProxy section */
		001682C12C6339E3007444CD /* PBXContainerItemProxy */ = {
			isa = PBXContainerItemProxy;
			containerPortal = 001682A82C6339E2007444CD /* Project object */;
			proxyType = 1;
			remoteGlobalIDString = 001682AF2C6339E2007444CD;
			remoteInfo = "skate-mate";
		};
		001682CB2C6339E3007444CD /* PBXContainerItemProxy */ = {
			isa = PBXContainerItemProxy;
			containerPortal = 001682A82C6339E2007444CD /* Project object */;
			proxyType = 1;
			remoteGlobalIDString = 001682AF2C6339E2007444CD;
			remoteInfo = "skate-mate";
		};
/* End PBXContainerItemProxy section */

/* Begin PBXFileReference section */
		001682B02C6339E2007444CD /* skate-mate.app */ = {isa = PBXFileReference; explicitFileType = wrapper.application; includeInIndex = 0; path = "skate-mate.app"; sourceTree = BUILT_PRODUCTS_DIR; };
		001682B32C6339E2007444CD /* skate_mateApp.swift */ = {isa = PBXFileReference; lastKnownFileType = sourcecode.swift; path = skate_mateApp.swift; sourceTree = "<group>"; };
		001682B52C6339E2007444CD /* ContentView.swift */ = {isa = PBXFileReference; lastKnownFileType = sourcecode.swift; path = ContentView.swift; sourceTree = "<group>"; };
		001682B72C6339E3007444CD /* Assets.xcassets */ = {isa = PBXFileReference; lastKnownFileType = folder.assetcatalog; path = Assets.xcassets; sourceTree = "<group>"; };
		001682BA2C6339E3007444CD /* Preview Assets.xcassets */ = {isa = PBXFileReference; lastKnownFileType = folder.assetcatalog; path = "Preview Assets.xcassets"; sourceTree = "<group>"; };
		001682C02C6339E3007444CD /* skate-mateTests.xctest */ = {isa = PBXFileReference; explicitFileType = wrapper.cfbundle; includeInIndex = 0; path = "skate-mateTests.xctest"; sourceTree = BUILT_PRODUCTS_DIR; };
		001682C42C6339E3007444CD /* skate_mateTests.swift */ = {isa = PBXFileReference; lastKnownFileType = sourcecode.swift; path = skate_mateTests.swift; sourceTree = "<group>"; };
		001682CA2C6339E3007444CD /* skate-mateUITests.xctest */ = {isa = PBXFileReference; explicitFileType = wrapper.cfbundle; includeInIndex = 0; path = "skate-mateUITests.xctest"; sourceTree = BUILT_PRODUCTS_DIR; };
		001682CE2C6339E3007444CD /* skate_mateUITests.swift */ = {isa = PBXFileReference; lastKnownFileType = sourcecode.swift; path = skate_mateUITests.swift; sourceTree = "<group>"; };
		001682D02C6339E3007444CD /* skate_mateUITestsLaunchTests.swift */ = {isa = PBXFileReference; lastKnownFileType = sourcecode.swift; path = skate_mateUITestsLaunchTests.swift; sourceTree = "<group>"; };
/* End PBXFileReference section */

/* Begin PBXFrameworksBuildPhase section */
		001682AD2C6339E2007444CD /* Frameworks */ = {
			isa = PBXFrameworksBuildPhase;
			buildActionMask = 2147483647;
			files = (
			);
			runOnlyForDeploymentPostprocessing = 0;
		};
		001682BD2C6339E3007444CD /* Frameworks */ = {
			isa = PBXFrameworksBuildPhase;
			buildActionMask = 2147483647;
			files = (
			);
			runOnlyForDeploymentPostprocessing = 0;
		};
		001682C72C6339E3007444CD /* Frameworks */ = {
			isa = PBXFrameworksBuildPhase;
			buildActionMask = 2147483647;
			files = (
			);
			runOnlyForDeploymentPostprocessing = 0;
		};
/* End PBXFrameworksBuildPhase section */

/* Begin PBXGroup section */
		001682A72C6339E2007444CD = {
			isa = PBXGroup;
			children = (
				001682B22C6339E2007444CD /* skate-mate */,
				001682C32C6339E3007444CD /* skate-mateTests */,
				001682CD2C6339E3007444CD /* skate-mateUITests */,
				001682B12C6339E2007444CD /* Products */,
			);
			sourceTree = "<group>";
		};
		001682B12C6339E2007444CD /* Products */ = {
			isa = PBXGroup;
			children = (
				001682B02C6339E2007444CD /* skate-mate.app */,
				001682C02C6339E3007444CD /* skate-mateTests.xctest */,
				001682CA2C6339E3007444CD /* skate-mateUITests.xctest */,
			);
			name = Products;
			sourceTree = "<group>";
		};
		001682B22C6339E2007444CD /* skate-mate */ = {
			isa = PBXGroup;
			children = (
				001682B32C6339E2007444CD /* skate_mateApp.swift */,
				001682B52C6339E2007444CD /* ContentView.swift */,
				001682B72C6339E3007444CD /* Assets.xcassets */,
				001682B92C6339E3007444CD /* Preview Content */,
			);
			path = "skate-mate";
			sourceTree = "<group>";
		};
		001682B92C6339E3007444CD /* Preview Content */ = {
			isa = PBXGroup;
			children = (
				001682BA2C6339E3007444CD /* Preview Assets.xcassets */,
			);
			path = "Preview Content";
			sourceTree = "<group>";
		};
		001682C32C6339E3007444CD /* skate-mateTests */ = {
			isa = PBXGroup;
			children = (
				001682C42C6339E3007444CD /* skate_mateTests.swift */,
			);
			path = "skate-mateTests";
			sourceTree = "<group>";
		};
		001682CD2C6339E3007444CD /* skate-mateUITests */ = {
			isa = PBXGroup;
			children = (
				001682CE2C6339E3007444CD /* skate_mateUITests.swift */,
				001682D02C6339E3007444CD /* skate_mateUITestsLaunchTests.swift */,
			);
			path = "skate-mateUITests";
			sourceTree = "<group>";
		};
/* End PBXGroup section */

/* Begin PBXNativeTarget section */
		001682AF2C6339E2007444CD /* skate-mate */ = {
			isa = PBXNativeTarget;
			buildConfigurationList = 001682D42C6339E3007444CD /* Build configuration list for PBXNativeTarget "skate-mate" */;
			buildPhases = (
				001682AC2C6339E2007444CD /* Sources */,
				001682AD2C6339E2007444CD /* Frameworks */,
				001682AE2C6339E2007444CD /* Resources */,
			);
			buildRules = (
			);
			dependencies = (
			);
			name = "skate-mate";
			productName = "skate-mate";
			productReference = 001682B02C6339E2007444CD /* skate-mate.app */;
			productType = "com.apple.product-type.application";
		};
		001682BF2C6339E3007444CD /* skate-mateTests */ = {
			isa = PBXNativeTarget;
			buildConfigurationList = 001682D72C6339E3007444CD /* Build configuration list for PBXNativeTarget "skate-mateTests" */;
			buildPhases = (
				001682BC2C6339E3007444CD /* Sources */,
				001682BD2C6339E3007444CD /* Frameworks */,
				001682BE2C6339E3007444CD /* Resources */,
			);
			buildRules = (
			);
			dependencies = (
				001682C22C6339E3007444CD /* PBXTargetDependency */,
			);
			name = "skate-mateTests";
			productName = "skate-mateTests";
			productReference = 001682C02C6339E3007444CD /* skate-mateTests.xctest */;
			productType = "com.apple.product-type.bundle.unit-test";
		};
		001682C92C6339E3007444CD /* skate-mateUITests */ = {
			isa = PBXNativeTarget;
			buildConfigurationList = 001682DA2C6339E3007444CD /* Build configuration list for PBXNativeTarget "skate-mateUITests" */;
			buildPhases = (
				001682C62C6339E3007444CD /* Sources */,
				001682C72C6339E3007444CD /* Frameworks */,
				001682C82C6339E3007444CD /* Resources */,
			);
			buildRules = (
			);
			dependencies = (
				001682CC2C6339E3007444CD /* PBXTargetDependency */,
			);
			name = "skate-mateUITests";
			productName = "skate-mateUITests";
			productReference = 001682CA2C6339E3007444CD /* skate-mateUITests.xctest */;
			productType = "com.apple.product-type.bundle.ui-testing";
		};
/* End PBXNativeTarget section */

/* Begin PBXProject section */
		001682A82C6339E2007444CD /* Project object */ = {
			isa = PBXProject;
			attributes = {
				BuildIndependentTargetsInParallel = 1;
				LastSwiftUpdateCheck = 1540;
				LastUpgradeCheck = 1540;
				TargetAttributes = {
					001682AF2C6339E2007444CD = {
						CreatedOnToolsVersion = 15.4;
					};
					001682BF2C6339E3007444CD = {
						CreatedOnToolsVersion = 15.4;
						TestTargetID = 001682AF2C6339E2007444CD;
					};
					001682C92C6339E3007444CD = {
						CreatedOnToolsVersion = 15.4;
						TestTargetID = 001682AF2C6339E2007444CD;
					};
				};
			};
			buildConfigurationList = 001682AB2C6339E2007444CD /* Build configuration list for PBXProject "skate-mate" */;
			compatibilityVersion = "Xcode 14.0";
			developmentRegion = en;
			hasScannedForEncodings = 0;
			knownRegions = (
				en,
				Base,
			);
			mainGroup = 001682A72C6339E2007444CD;
			productRefGroup = 001682B12C6339E2007444CD /* Products */;
			projectDirPath = "";
			projectRoot = "";
			targets = (
				001682AF2C6339E2007444CD /* skate-mate */,
				001682BF2C6339E3007444CD /* skate-mateTests */,
				001682C92C6339E3007444CD /* skate-mateUITests */,
			);
		};
/* End PBXProject section */

/* Begin PBXResourcesBuildPhase section */
		001682AE2C6339E2007444CD /* Resources */ = {
			isa = PBXResourcesBuildPhase;
			buildActionMask = 2147483647;
			files = (
				001682BB2C6339E3007444CD /* Preview Assets.xcassets in Resources */,
				001682B82C6339E3007444CD /* Assets.xcassets in Resources */,
			);
			runOnlyForDeploymentPostprocessing = 0;
		};
		001682BE2C6339E3007444CD /* Resources */ = {
			isa = PBXResourcesBuildPhase;
			buildActionMask = 2147483647;
			files = (
			);
			runOnlyForDeploymentPostprocessing = 0;
		};
		001682C82C6339E3007444CD /* Resources */ = {
			isa = PBXResourcesBuildPhase;
			buildActionMask = 2147483647;
			files = (
			);
			runOnlyForDeploymentPostprocessing = 0;
		};
/* End PBXResourcesBuildPhase section */

/* Begin PBXSourcesBuildPhase section */
		001682AC2C6339E2007444CD /* Sources */ = {
			isa = PBXSourcesBuildPhase;
			buildActionMask = 2147483647;
			files = (
				001682B62C6339E2007444CD /* ContentView.swift in Sources */,
				001682B42C6339E2007444CD /* skate_mateApp.swift in Sources */,
			);
			runOnlyForDeploymentPostprocessing = 0;
		};
		001682BC2C6339E3007444CD /* Sources */ = {
			isa = PBXSourcesBuildPhase;
			buildActionMask = 2147483647;
			files = (
				001682C52C6339E3007444CD /* skate_mateTests.swift in Sources */,
			);
			runOnlyForDeploymentPostprocessing = 0;
		};
		001682C62C6339E3007444CD /* Sources */ = {
			isa = PBXSourcesBuildPhase;
			buildActionMask = 2147483647;
			files = (
				001682D12C6339E3007444CD /* skate_mateUITestsLaunchTests.swift in Sources */,
				001682CF2C6339E3007444CD /* skate_mateUITests.swift in Sources */,
			);
			runOnlyForDeploymentPostprocessing = 0;
		};
/* End PBXSourcesBuildPhase section */

/* Begin PBXTargetDependency section */
		001682C22C6339E3007444CD /* PBXTargetDependency */ = {
			isa = PBXTargetDependency;
			target = 001682AF2C6339E2007444CD /* skate-mate */;
			targetProxy = 001682C12C6339E3007444CD /* PBXContainerItemProxy */;
		};
		001682CC2C6339E3007444CD /* PBXTargetDependency */ = {
			isa = PBXTargetDependency;
			target = 001682AF2C6339E2007444CD /* skate-mate */;
			targetProxy = 001682CB2C6339E3007444CD /* PBXContainerItemProxy */;
		};
/* End PBXTargetDependency section */

/* Begin XCBuildConfiguration section */
		001682D22C6339E3007444CD /* Debug */ = {
			isa = XCBuildConfiguration;
			buildSettings = {
				ALWAYS_SEARCH_USER_PATHS = NO;
				ASSETCATALOG_COMPILER_GENERATE_SWIFT_ASSET_SYMBOL_EXTENSIONS = YES;
				CLANG_ANALYZER_NONNULL = YES;
				CLANG_ANALYZER_NUMBER_OBJECT_CONVERSION = YES_AGGRESSIVE;
				CLANG_CXX_LANGUAGE_STANDARD = "gnu++20";
				CLANG_ENABLE_MODULES = YES;
				CLANG_ENABLE_OBJC_ARC = YES;
				CLANG_ENABLE_OBJC_WEAK = YES;
				CLANG_WARN_BLOCK_CAPTURE_AUTORELEASING = YES;
				CLANG_WARN_BOOL_CONVERSION = YES;
				CLANG_WARN_COMMA = YES;
				CLANG_WARN_CONSTANT_CONVERSION = YES;
				CLANG_WARN_DEPRECATED_OBJC_IMPLEMENTATIONS = YES;
				CLANG_WARN_DIRECT_OBJC_ISA_USAGE = YES_ERROR;
				CLANG_WARN_DOCUMENTATION_COMMENTS = YES;
				CLANG_WARN_EMPTY_BODY = YES;
				CLANG_WARN_ENUM_CONVERSION = YES;
				CLANG_WARN_INFINITE_RECURSION = YES;
				CLANG_WARN_INT_CONVERSION = YES;
				CLANG_WARN_NON_LITERAL_NULL_CONVERSION = YES;
				CLANG_WARN_OBJC_IMPLICIT_RETAIN_SELF = YES;
				CLANG_WARN_OBJC_LITERAL_CONVERSION = YES;
				CLANG_WARN_OBJC_ROOT_CLASS = YES_ERROR;
				CLANG_WARN_QUOTED_INCLUDE_IN_FRAMEWORK_HEADER = YES;
				CLANG_WARN_RANGE_LOOP_ANALYSIS = YES;
				CLANG_WARN_STRICT_PROTOTYPES = YES;
				CLANG_WARN_SUSPICIOUS_MOVE = YES;
				CLANG_WARN_UNGUARDED_AVAILABILITY = YES_AGGRESSIVE;
				CLANG_WARN_UNREACHABLE_CODE = YES;
				CLANG_WARN__DUPLICATE_METHOD_MATCH = YES;
				COPY_PHASE_STRIP = NO;
				DEBUG_INFORMATION_FORMAT = dwarf;
				ENABLE_STRICT_OBJC_MSGSEND = YES;
				ENABLE_TESTABILITY = YES;
				ENABLE_USER_SCRIPT_SANDBOXING = YES;
				GCC_C_LANGUAGE_STANDARD = gnu17;
				GCC_DYNAMIC_NO_PIC = NO;
				GCC_NO_COMMON_BLOCKS = YES;
				GCC_OPTIMIZATION_LEVEL = 0;
				GCC_PREPROCESSOR_DEFINITIONS = (
					"DEBUG=1",
					"$(inherited)",
				);
				GCC_WARN_64_TO_32_BIT_CONVERSION = YES;
				GCC_WARN_ABOUT_RETURN_TYPE = YES_ERROR;
				GCC_WARN_UNDECLARED_SELECTOR = YES;
				GCC_WARN_UNINITIALIZED_AUTOS = YES_AGGRESSIVE;
				GCC_WARN_UNUSED_FUNCTION = YES;
				GCC_WARN_UNUSED_VARIABLE = YES;
				IPHONEOS_DEPLOYMENT_TARGET = 17.5;
				LOCALIZATION_PREFERS_STRING_CATALOGS = YES;
				MTL_ENABLE_DEBUG_INFO = INCLUDE_SOURCE;
				MTL_FAST_MATH = YES;
				ONLY_ACTIVE_ARCH = YES;
				SDKROOT = iphoneos;
				SWIFT_ACTIVE_COMPILATION_CONDITIONS = "DEBUG $(inherited)";
				SWIFT_OPTIMIZATION_LEVEL = "-Onone";
			};
			name = Debug;
		};
		001682D32C6339E3007444CD /* Release */ = {
			isa = XCBuildConfiguration;
			buildSettings = {
				ALWAYS_SEARCH_USER_PATHS = NO;
				ASSETCATALOG_COMPILER_GENERATE_SWIFT_ASSET_SYMBOL_EXTENSIONS = YES;
				CLANG_ANALYZER_NONNULL = YES;
				CLANG_ANALYZER_NUMBER_OBJECT_CONVERSION = YES_AGGRESSIVE;
				CLANG_CXX_LANGUAGE_STANDARD = "gnu++20";
				CLANG_ENABLE_MODULES = YES;
				CLANG_ENABLE_OBJC_ARC = YES;
				CLANG_ENABLE_OBJC_WEAK = YES;
				CLANG_WARN_BLOCK_CAPTURE_AUTORELEASING = YES;
				CLANG_WARN_BOOL_CONVERSION = YES;
				CLANG_WARN_COMMA = YES;
				CLANG_WARN_CONSTANT_CONVERSION = YES;
				CLANG_WARN_DEPRECATED_OBJC_IMPLEMENTATIONS = YES;
				CLANG_WARN_DIRECT_OBJC_ISA_USAGE = YES_ERROR;
				CLANG_WARN_DOCUMENTATION_COMMENTS = YES;
				CLANG_WARN_EMPTY_BODY = YES;
				CLANG_WARN_ENUM_CONVERSION = YES;
				CLANG_WARN_INFINITE_RECURSION = YES;
				CLANG_WARN_INT_CONVERSION = YES;
				CLANG_WARN_NON_LITERAL_NULL_CONVERSION = YES;
				CLANG_WARN_OBJC_IMPLICIT_RETAIN_SELF = YES;
				CLANG_WARN_OBJC_LITERAL_CONVERSION = YES;
				CLANG_WARN_OBJC_ROOT_CLASS = YES_ERROR;
				CLANG_WARN_QUOTED_INCLUDE_IN_FRAMEWORK_HEADER = YES;
				CLANG_WARN_RANGE_LOOP_ANALYSIS = YES;
				CLANG_WARN_STRICT_PROTOTYPES = YES;
				CLANG_WARN_SUSPICIOUS_MOVE = YES;
				CLANG_WARN_UNGUARDED_AVAILABILITY = YES_AGGRESSIVE;
				CLANG_WARN_UNREACHABLE_CODE = YES;
				CLANG_WARN__DUPLICATE_METHOD_MATCH = YES;
				COPY_PHASE_STRIP = NO;
				DEBUG_INFORMATION_FORMAT = "dwarf-with-dsym";
				ENABLE_NS_ASSERTIONS = NO;
				ENABLE_STRICT_OBJC_MSGSEND = YES;
				ENABLE_USER_SCRIPT_SANDBOXING = YES;
				GCC_C_LANGUAGE_STANDARD = gnu17;
				GCC_NO_COMMON_BLOCKS = YES;
				GCC_WARN_64_TO_32_BIT_CONVERSION = YES;
				GCC_WARN_ABOUT_RETURN_TYPE = YES_ERROR;
				GCC_WARN_UNDECLARED_SELECTOR = YES;
				GCC_WARN_UNINITIALIZED_AUTOS = YES_AGGRESSIVE;
				GCC_WARN_UNUSED_FUNCTION = YES;
				GCC_WARN_UNUSED_VARIABLE = YES;
				IPHONEOS_DEPLOYMENT_TARGET = 17.5;
				LOCALIZATION_PREFERS_STRING_CATALOGS = YES;
				MTL_ENABLE_DEBUG_INFO = NO;
				MTL_FAST_MATH = YES;
				SDKROOT = iphoneos;
				SWIFT_COMPILATION_MODE = wholemodule;
				VALIDATE_PRODUCT = YES;
			};
			name = Release;
		};
		001682D52C6339E3007444CD /* Debug */ = {
			isa = XCBuildConfiguration;
			buildSettings = {
				ASSETCATALOG_COMPILER_APPICON_NAME = AppIcon;
				ASSETCATALOG_COMPILER_GLOBAL_ACCENT_COLOR_NAME = AccentColor;
				CODE_SIGN_STYLE = Automatic;
				CURRENT_PROJECT_VERSION = 1;
				DEVELOPMENT_ASSET_PATHS = "\"skate-mate/Preview Content\"";
				DEVELOPMENT_TEAM = 354UWT7ZK9;
				ENABLE_PREVIEWS = YES;
				GENERATE_INFOPLIST_FILE = YES;
				INFOPLIST_KEY_UIApplicationSceneManifest_Generation = YES;
				INFOPLIST_KEY_UIApplicationSupportsIndirectInputEvents = YES;
				INFOPLIST_KEY_UILaunchScreen_Generation = YES;
				INFOPLIST_KEY_UISupportedInterfaceOrientations_iPad = "UIInterfaceOrientationPortrait UIInterfaceOrientationPortraitUpsideDown UIInterfaceOrientationLandscapeLeft UIInterfaceOrientationLandscapeRight";
				INFOPLIST_KEY_UISupportedInterfaceOrientations_iPhone = "UIInterfaceOrientationPortrait UIInterfaceOrientationLandscapeLeft UIInterfaceOrientationLandscapeRight";
				LD_RUNPATH_SEARCH_PATHS = (
					"$(inherited)",
					"@executable_path/Frameworks",
				);
				MARKETING_VERSION = 1.0;
				PRODUCT_BUNDLE_IDENTIFIER = "com.prometheus.skate-mate";
				PRODUCT_NAME = "$(TARGET_NAME)";
				SWIFT_EMIT_LOC_STRINGS = YES;
				SWIFT_VERSION = 5.0;
				TARGETED_DEVICE_FAMILY = "1,2";
			};
			name = Debug;
		};
		001682D62C6339E3007444CD /* Release */ = {
			isa = XCBuildConfiguration;
			buildSettings = {
				ASSETCATALOG_COMPILER_APPICON_NAME = AppIcon;
				ASSETCATALOG_COMPILER_GLOBAL_ACCENT_COLOR_NAME = AccentColor;
				CODE_SIGN_STYLE = Automatic;
				CURRENT_PROJECT_VERSION = 1;
				DEVELOPMENT_ASSET_PATHS = "\"skate-mate/Preview Content\"";
				DEVELOPMENT_TEAM = 354UWT7ZK9;
				ENABLE_PREVIEWS = YES;
				GENERATE_INFOPLIST_FILE = YES;
				INFOPLIST_KEY_UIApplicationSceneManifest_Generation = YES;
				INFOPLIST_KEY_UIApplicationSupportsIndirectInputEvents = YES;
				INFOPLIST_KEY_UILaunchScreen_Generation = YES;
				INFOPLIST_KEY_UISupportedInterfaceOrientations_iPad = "UIInterfaceOrientationPortrait UIInterfaceOrientationPortraitUpsideDown UIInterfaceOrientationLandscapeLeft UIInterfaceOrientationLandscapeRight";
				INFOPLIST_KEY_UISupportedInterfaceOrientations_iPhone = "UIInterfaceOrientationPortrait UIInterfaceOrientationLandscapeLeft UIInterfaceOrientationLandscapeRight";
				LD_RUNPATH_SEARCH_PATHS = (
					"$(inherited)",
					"@executable_path/Frameworks",
				);
				MARKETING_VERSION = 1.0;
				PRODUCT_BUNDLE_IDENTIFIER = "com.prometheus.skate-mate";
				PRODUCT_NAME = "$(TARGET_NAME)";
				SWIFT_EMIT_LOC_STRINGS = YES;
				SWIFT_VERSION = 5.0;
				TARGETED_DEVICE_FAMILY = "1,2";
			};
			name = Release;
		};
		001682D82C6339E3007444CD /* Debug */ = {
			isa = XCBuildConfiguration;
			buildSettings = {
				ALWAYS_EMBED_SWIFT_STANDARD_LIBRARIES = YES;
				BUNDLE_LOADER = "$(TEST_HOST)";
				CODE_SIGN_STYLE = Automatic;
				CURRENT_PROJECT_VERSION = 1;
				DEVELOPMENT_TEAM = 354UWT7ZK9;
				GENERATE_INFOPLIST_FILE = YES;
				IPHONEOS_DEPLOYMENT_TARGET = 17.5;
				MARKETING_VERSION = 1.0;
				PRODUCT_BUNDLE_IDENTIFIER = "com.prometheus.skate-mateTests";
				PRODUCT_NAME = "$(TARGET_NAME)";
				SWIFT_EMIT_LOC_STRINGS = NO;
				SWIFT_VERSION = 5.0;
				TARGETED_DEVICE_FAMILY = "1,2";
				TEST_HOST = "$(BUILT_PRODUCTS_DIR)/skate-mate.app/$(BUNDLE_EXECUTABLE_FOLDER_PATH)/skate-mate";
			};
			name = Debug;
		};
		001682D92C6339E3007444CD /* Release */ = {
			isa = XCBuildConfiguration;
			buildSettings = {
				ALWAYS_EMBED_SWIFT_STANDARD_LIBRARIES = YES;
				BUNDLE_LOADER = "$(TEST_HOST)";
				CODE_SIGN_STYLE = Automatic;
				CURRENT_PROJECT_VERSION = 1;
				DEVELOPMENT_TEAM = 354UWT7ZK9;
				GENERATE_INFOPLIST_FILE = YES;
				IPHONEOS_DEPLOYMENT_TARGET = 17.5;
				MARKETING_VERSION = 1.0;
				PRODUCT_BUNDLE_IDENTIFIER = "com.prometheus.skate-mateTests";
				PRODUCT_NAME = "$(TARGET_NAME)";
				SWIFT_EMIT_LOC_STRINGS = NO;
				SWIFT_VERSION = 5.0;
				TARGETED_DEVICE_FAMILY = "1,2";
				TEST_HOST = "$(BUILT_PRODUCTS_DIR)/skate-mate.app/$(BUNDLE_EXECUTABLE_FOLDER_PATH)/skate-mate";
			};
			name = Release;
		};
		001682DB2C6339E3007444CD /* Debug */ = {
			isa = XCBuildConfiguration;
			buildSettings = {
				ALWAYS_EMBED_SWIFT_STANDARD_LIBRARIES = YES;
				CODE_SIGN_STYLE = Automatic;
				CURRENT_PROJECT_VERSION = 1;
				DEVELOPMENT_TEAM = 354UWT7ZK9;
				GENERATE_INFOPLIST_FILE = YES;
				MARKETING_VERSION = 1.0;
				PRODUCT_BUNDLE_IDENTIFIER = "com.prometheus.skate-mateUITests";
				PRODUCT_NAME = "$(TARGET_NAME)";
				SWIFT_EMIT_LOC_STRINGS = NO;
				SWIFT_VERSION = 5.0;
				TARGETED_DEVICE_FAMILY = "1,2";
				TEST_TARGET_NAME = "skate-mate";
			};
			name = Debug;
		};
		001682DC2C6339E3007444CD /* Release */ = {
			isa = XCBuildConfiguration;
			buildSettings = {
				ALWAYS_EMBED_SWIFT_STANDARD_LIBRARIES = YES;
				CODE_SIGN_STYLE = Automatic;
				CURRENT_PROJECT_VERSION = 1;
				DEVELOPMENT_TEAM = 354UWT7ZK9;
				GENERATE_INFOPLIST_FILE = YES;
				MARKETING_VERSION = 1.0;
				PRODUCT_BUNDLE_IDENTIFIER = "com.prometheus.skate-mateUITests";
				PRODUCT_NAME = "$(TARGET_NAME)";
				SWIFT_EMIT_LOC_STRINGS = NO;
				SWIFT_VERSION = 5.0;
				TARGETED_DEVICE_FAMILY = "1,2";
				TEST_TARGET_NAME = "skate-mate";
			};
			name = Release;
		};
/* End XCBuildConfiguration section */

/* Begin XCConfigurationList section */
		001682AB2C6339E2007444CD /* Build configuration list for PBXProject "skate-mate" */ = {
			isa = XCConfigurationList;
			buildConfigurations = (
				001682D22C6339E3007444CD /* Debug */,
				001682D32C6339E3007444CD /* Release */,
			);
			defaultConfigurationIsVisible = 0;
			defaultConfigurationName = Release;
		};
		001682D42C6339E3007444CD /* Build configuration list for PBXNativeTarget "skate-mate" */ = {
			isa = XCConfigurationList;
			buildConfigurations = (
				001682D52C6339E3007444CD /* Debug */,
				001682D62C6339E3007444CD /* Release */,
			);
			defaultConfigurationIsVisible = 0;
			defaultConfigurationName = Release;
		};
		001682D72C6339E3007444CD /* Build configuration list for PBXNativeTarget "skate-mateTests" */ = {
			isa = XCConfigurationList;
			buildConfigurations = (
				001682D82C6339E3007444CD /* Debug */,
				001682D92C6339E3007444CD /* Release */,
			);
			defaultConfigurationIsVisible = 0;
			defaultConfigurationName = Release;
		};
		001682DA2C6339E3007444CD /* Build configuration list for PBXNativeTarget "skate-mateUITests" */ = {
			isa = XCConfigurationList;
			buildConfigurations = (
				001682DB2C6339E3007444CD /* Debug */,
				001682DC2C6339E3007444CD /* Release */,
			);
			defaultConfigurationIsVisible = 0;
			defaultConfigurationName = Release;
		};
/* End XCConfigurationList section */
	};
	rootObject = 001682A82C6339E2007444CD /* Project object */;
}
